
Microsoft Visual Studio Solution File, Format Version 11.00
# Visual Studio 2010
Project("{FAE04EC0-301F-11D3-BF4B-00C04F79EFBC}") = "Microsoft.VisualStudio.Services.Search.Server.WorkItemRecentHistoryCache", "Microsoft.VisualStudio.Services.Search.Server.WorkItemRecentHistoryCache.csproj", "{8CCFC08F-9ACD-40B8-8ED4-71596745F354}"
EndProject
Global
	GlobalSection(SolutionConfigurationPlatforms) = preSolution
		Debug|Any CPU = Debug|Any CPU
		Release|Any CPU = Release|Any CPU
	EndGlobalSection
	GlobalSection(ProjectConfigurationPlatforms) = postSolution
		{8CCFC08F-9ACD-40B8-8ED4-71596745F354}.Debug|Any CPU.ActiveCfg = Debug|Any CPU
		{8CCFC08F-9ACD-40B8-8ED4-71596745F354}.Debug|Any CPU.Build.0 = Debug|Any CPU
		{8CCFC08F-9ACD-40B8-8ED4-71596745F354}.Release|Any CPU.ActiveCfg = Release|Any CPU
		{8CCFC08F-9ACD-40B8-8ED4-71596745F354}.Release|Any CPU.Build.0 = Release|Any CPU
	EndGlobalSection
	GlobalSection(SolutionProperties) = preSolution
		HideSolutionNode = FALSE
	EndGlobalSection
EndGlobal
