
Microsoft Visual Studio Solution File, Format Version 11.00
# Visual Studio 2010
Project("{FAE04EC0-301F-11D3-BF4B-00C04F79EFBC}") = "Microsoft.TeamFoundation.Server.WebAccess.Admin", "Microsoft.TeamFoundation.Server.WebAccess.Admin.csproj", "{71B6CB15-0E93-44CB-BE49-793084B0F741}"
EndProject
Global
	GlobalSection(SolutionConfigurationPlatforms) = preSolution
		Debug|Any CPU = Debug|Any CPU
		Release|Any CPU = Release|Any CPU
	EndGlobalSection
	GlobalSection(ProjectConfigurationPlatforms) = postSolution
		{71B6CB15-0E93-44CB-BE49-793084B0F741}.Debug|Any CPU.ActiveCfg = Debug|Any CPU
		{71B6CB15-0E93-44CB-BE49-793084B0F741}.Debug|Any CPU.Build.0 = Debug|Any CPU
		{71B6CB15-0E93-44CB-BE49-793084B0F741}.Release|Any CPU.ActiveCfg = Release|Any CPU
		{71B6CB15-0E93-44CB-BE49-793084B0F741}.Release|Any CPU.Build.0 = Release|Any CPU
	EndGlobalSection
	GlobalSection(SolutionProperties) = preSolution
		HideSolutionNode = FALSE
	EndGlobalSection
EndGlobal
