
Microsoft Visual Studio Solution File, Format Version 11.00
# Visual Studio 2010
Project("{FAE04EC0-301F-11D3-BF4B-00C04F79EFBC}") = "Microsoft.VisualStudio.Services.Search.Common", "Microsoft.VisualStudio.Services.Search.Common.csproj", "{3384F2A3-36C3-4E74-9DC1-CFEE53C251AD}"
EndProject
Global
	GlobalSection(SolutionConfigurationPlatforms) = preSolution
		Debug|Any CPU = Debug|Any CPU
		Release|Any CPU = Release|Any CPU
	EndGlobalSection
	GlobalSection(ProjectConfigurationPlatforms) = postSolution
		{3384F2A3-36C3-4E74-9DC1-CFEE53C251AD}.Debug|Any CPU.ActiveCfg = Debug|Any CPU
		{3384F2A3-36C3-4E74-9DC1-CFEE53C251AD}.Debug|Any CPU.Build.0 = Debug|Any CPU
		{3384F2A3-36C3-4E74-9DC1-CFEE53C251AD}.Release|Any CPU.ActiveCfg = Release|Any CPU
		{3384F2A3-36C3-4E74-9DC1-CFEE53C251AD}.Release|Any CPU.Build.0 = Release|Any CPU
	EndGlobalSection
	GlobalSection(SolutionProperties) = preSolution
		HideSolutionNode = FALSE
	EndGlobalSection
EndGlobal
