
Microsoft Visual Studio Solution File, Format Version 11.00
# Visual Studio 2010
Project("{FAE04EC0-301F-11D3-BF4B-00C04F79EFBC}") = "Microsoft.TeamFoundation.Build2.WebApi", "Microsoft.TeamFoundation.Build2.WebApi.csproj", "{E74D85D6-935D-4269-AD46-AF6B9AA2689F}"
EndProject
Global
	GlobalSection(SolutionConfigurationPlatforms) = preSolution
		Debug|Any CPU = Debug|Any CPU
		Release|Any CPU = Release|Any CPU
	EndGlobalSection
	GlobalSection(ProjectConfigurationPlatforms) = postSolution
		{E74D85D6-935D-4269-AD46-AF6B9AA2689F}.Debug|Any CPU.ActiveCfg = Debug|Any CPU
		{E74D85D6-935D-4269-AD46-AF6B9AA2689F}.Debug|Any CPU.Build.0 = Debug|Any CPU
		{E74D85D6-935D-4269-AD46-AF6B9AA2689F}.Release|Any CPU.ActiveCfg = Release|Any CPU
		{E74D85D6-935D-4269-AD46-AF6B9AA2689F}.Release|Any CPU.Build.0 = Release|Any CPU
	EndGlobalSection
	GlobalSection(SolutionProperties) = preSolution
		HideSolutionNode = FALSE
	EndGlobalSection
EndGlobal
