
Microsoft Visual Studio Solution File, Format Version 11.00
# Visual Studio 2010
Project("{FAE04EC0-301F-11D3-BF4B-00C04F79EFBC}") = "Microsoft.TeamFoundation.PermissionsReport", "Microsoft.TeamFoundation.PermissionsReport.csproj", "{C30E45B4-7A19-47DD-956D-BA2447A5953A}"
EndProject
Global
	GlobalSection(SolutionConfigurationPlatforms) = preSolution
		Debug|Any CPU = Debug|Any CPU
		Release|Any CPU = Release|Any CPU
	EndGlobalSection
	GlobalSection(ProjectConfigurationPlatforms) = postSolution
		{C30E45B4-7A19-47DD-956D-BA2447A5953A}.Debug|Any CPU.ActiveCfg = Debug|Any CPU
		{C30E45B4-7A19-47DD-956D-BA2447A5953A}.Debug|Any CPU.Build.0 = Debug|Any CPU
		{C30E45B4-7A19-47DD-956D-BA2447A5953A}.Release|Any CPU.ActiveCfg = Release|Any CPU
		{C30E45B4-7A19-47DD-956D-BA2447A5953A}.Release|Any CPU.Build.0 = Release|Any CPU
	EndGlobalSection
	GlobalSection(SolutionProperties) = preSolution
		HideSolutionNode = FALSE
	EndGlobalSection
EndGlobal
