
Microsoft Visual Studio Solution File, Format Version 11.00
# Visual Studio 2010
Project("{FAE04EC0-301F-11D3-BF4B-00C04F79EFBC}") = "Microsoft.CodeDom.Providers.DotNetCompilerPlatform", "Microsoft.CodeDom.Providers.DotNetCompilerPlatform.csproj", "{084D91AB-45DF-4099-9333-BACBB534D1CD}"
EndProject
Global
	GlobalSection(SolutionConfigurationPlatforms) = preSolution
		Debug|Any CPU = Debug|Any CPU
		Release|Any CPU = Release|Any CPU
	EndGlobalSection
	GlobalSection(ProjectConfigurationPlatforms) = postSolution
		{084D91AB-45DF-4099-9333-BACBB534D1CD}.Debug|Any CPU.ActiveCfg = Debug|Any CPU
		{084D91AB-45DF-4099-9333-BACBB534D1CD}.Debug|Any CPU.Build.0 = Debug|Any CPU
		{084D91AB-45DF-4099-9333-BACBB534D1CD}.Release|Any CPU.ActiveCfg = Release|Any CPU
		{084D91AB-45DF-4099-9333-BACBB534D1CD}.Release|Any CPU.Build.0 = Release|Any CPU
	EndGlobalSection
	GlobalSection(SolutionProperties) = preSolution
		HideSolutionNode = FALSE
	EndGlobalSection
EndGlobal
