
Microsoft Visual Studio Solution File, Format Version 11.00
# Visual Studio 2010
Project("{FAE04EC0-301F-11D3-BF4B-00C04F79EFBC}") = "Microsoft.VisualStudio.Services.CodeReview.Discussion.Server", "Microsoft.VisualStudio.Services.CodeReview.Discussion.Server.csproj", "{287D8D60-A159-42BA-913C-93B9E10B7178}"
EndProject
Global
	GlobalSection(SolutionConfigurationPlatforms) = preSolution
		Debug|Any CPU = Debug|Any CPU
		Release|Any CPU = Release|Any CPU
	EndGlobalSection
	GlobalSection(ProjectConfigurationPlatforms) = postSolution
		{287D8D60-A159-42BA-913C-93B9E10B7178}.Debug|Any CPU.ActiveCfg = Debug|Any CPU
		{287D8D60-A159-42BA-913C-93B9E10B7178}.Debug|Any CPU.Build.0 = Debug|Any CPU
		{287D8D60-A159-42BA-913C-93B9E10B7178}.Release|Any CPU.ActiveCfg = Release|Any CPU
		{287D8D60-A159-42BA-913C-93B9E10B7178}.Release|Any CPU.Build.0 = Release|Any CPU
	EndGlobalSection
	GlobalSection(SolutionProperties) = preSolution
		HideSolutionNode = FALSE
	EndGlobalSection
EndGlobal
