
Microsoft Visual Studio Solution File, Format Version 9.00
# Visual Studio 2005
Project("{FAE04EC0-301F-11D3-BF4B-00C04F79EFBC}") = "Microsoft.Azure.Storage.Queue", "Microsoft.Azure.Storage.Queue.csproj", "{7657D120-98C7-47C3-B6AE-A0EF261374B0}"
EndProject
Global
	GlobalSection(SolutionConfigurationPlatforms) = preSolution
		Debug|Any CPU = Debug|Any CPU
		Release|Any CPU = Release|Any CPU
	EndGlobalSection
	GlobalSection(ProjectConfigurationPlatforms) = postSolution
		{7657D120-98C7-47C3-B6AE-A0EF261374B0}.Debug|Any CPU.ActiveCfg = Debug|Any CPU
		{7657D120-98C7-47C3-B6AE-A0EF261374B0}.Debug|Any CPU.Build.0 = Debug|Any CPU
		{7657D120-98C7-47C3-B6AE-A0EF261374B0}.Release|Any CPU.ActiveCfg = Release|Any CPU
		{7657D120-98C7-47C3-B6AE-A0EF261374B0}.Release|Any CPU.Build.0 = Release|Any CPU
	EndGlobalSection
	GlobalSection(SolutionProperties) = preSolution
		HideSolutionNode = FALSE
	EndGlobalSection
EndGlobal
