
Microsoft Visual Studio Solution File, Format Version 11.00
# Visual Studio 2010
Project("{FAE04EC0-301F-11D3-BF4B-00C04F79EFBC}") = "Microsoft.VisualStudio.Services.Tcm.Server", "Microsoft.VisualStudio.Services.Tcm.Server.csproj", "{243C1DD4-01CC-4A77-8044-278A3F4DAEBD}"
EndProject
Global
	GlobalSection(SolutionConfigurationPlatforms) = preSolution
		Debug|Any CPU = Debug|Any CPU
		Release|Any CPU = Release|Any CPU
	EndGlobalSection
	GlobalSection(ProjectConfigurationPlatforms) = postSolution
		{243C1DD4-01CC-4A77-8044-278A3F4DAEBD}.Debug|Any CPU.ActiveCfg = Debug|Any CPU
		{243C1DD4-01CC-4A77-8044-278A3F4DAEBD}.Debug|Any CPU.Build.0 = Debug|Any CPU
		{243C1DD4-01CC-4A77-8044-278A3F4DAEBD}.Release|Any CPU.ActiveCfg = Release|Any CPU
		{243C1DD4-01CC-4A77-8044-278A3F4DAEBD}.Release|Any CPU.Build.0 = Release|Any CPU
	EndGlobalSection
	GlobalSection(SolutionProperties) = preSolution
		HideSolutionNode = FALSE
	EndGlobalSection
EndGlobal
