
Microsoft Visual Studio Solution File, Format Version 11.00
# Visual Studio 2010
Project("{FAE04EC0-301F-11D3-BF4B-00C04F79EFBC}") = "Microsoft.VisualStudio.Services.Packaging.CrossProtocol.WebApi", "Microsoft.VisualStudio.Services.Packaging.CrossProtocol.WebApi.csproj", "{2D78B14E-863D-480E-B257-C12F52442619}"
EndProject
Global
	GlobalSection(SolutionConfigurationPlatforms) = preSolution
		Debug|Any CPU = Debug|Any CPU
		Release|Any CPU = Release|Any CPU
	EndGlobalSection
	GlobalSection(ProjectConfigurationPlatforms) = postSolution
		{2D78B14E-863D-480E-B257-C12F52442619}.Debug|Any CPU.ActiveCfg = Debug|Any CPU
		{2D78B14E-863D-480E-B257-C12F52442619}.Debug|Any CPU.Build.0 = Debug|Any CPU
		{2D78B14E-863D-480E-B257-C12F52442619}.Release|Any CPU.ActiveCfg = Release|Any CPU
		{2D78B14E-863D-480E-B257-C12F52442619}.Release|Any CPU.Build.0 = Release|Any CPU
	EndGlobalSection
	GlobalSection(SolutionProperties) = preSolution
		HideSolutionNode = FALSE
	EndGlobalSection
EndGlobal
