
Microsoft Visual Studio Solution File, Format Version 11.00
# Visual Studio 2010
Project("{FAE04EC0-301F-11D3-BF4B-00C04F79EFBC}") = "Microsoft.VisualStudio.Services.ExtensionManagement.Sdk.Server", "Microsoft.VisualStudio.Services.ExtensionManagement.Sdk.Server.csproj", "{B30477A5-57A2-482A-A264-133458A7BDF7}"
EndProject
Global
	GlobalSection(SolutionConfigurationPlatforms) = preSolution
		Debug|Any CPU = Debug|Any CPU
		Release|Any CPU = Release|Any CPU
	EndGlobalSection
	GlobalSection(ProjectConfigurationPlatforms) = postSolution
		{B30477A5-57A2-482A-A264-133458A7BDF7}.Debug|Any CPU.ActiveCfg = Debug|Any CPU
		{B30477A5-57A2-482A-A264-133458A7BDF7}.Debug|Any CPU.Build.0 = Debug|Any CPU
		{B30477A5-57A2-482A-A264-133458A7BDF7}.Release|Any CPU.ActiveCfg = Release|Any CPU
		{B30477A5-57A2-482A-A264-133458A7BDF7}.Release|Any CPU.Build.0 = Release|Any CPU
	EndGlobalSection
	GlobalSection(SolutionProperties) = preSolution
		HideSolutionNode = FALSE
	EndGlobalSection
EndGlobal
