
Microsoft Visual Studio Solution File, Format Version 12.00
# Visual Studio 2012
Project("{FAE04EC0-301F-11D3-BF4B-00C04F79EFBC}") = "Microsoft.Azure.ActiveDirectory.GraphClient.FirstParty", "Microsoft.Azure.ActiveDirectory.GraphClient.FirstParty.csproj", "{F4F14FAB-2433-4722-A533-2A02E85E7EB1}"
EndProject
Global
	GlobalSection(SolutionConfigurationPlatforms) = preSolution
		Debug|Any CPU = Debug|Any CPU
		Release|Any CPU = Release|Any CPU
	EndGlobalSection
	GlobalSection(ProjectConfigurationPlatforms) = postSolution
		{F4F14FAB-2433-4722-A533-2A02E85E7EB1}.Debug|Any CPU.ActiveCfg = Debug|Any CPU
		{F4F14FAB-2433-4722-A533-2A02E85E7EB1}.Debug|Any CPU.Build.0 = Debug|Any CPU
		{F4F14FAB-2433-4722-A533-2A02E85E7EB1}.Release|Any CPU.ActiveCfg = Release|Any CPU
		{F4F14FAB-2433-4722-A533-2A02E85E7EB1}.Release|Any CPU.Build.0 = Release|Any CPU
	EndGlobalSection
	GlobalSection(SolutionProperties) = preSolution
		HideSolutionNode = FALSE
	EndGlobalSection
EndGlobal
