
Microsoft Visual Studio Solution File, Format Version 11.00
# Visual Studio 2010
Project("{FAE04EC0-301F-11D3-BF4B-00C04F79EFBC}") = "Microsoft.TeamFoundation.Build2.Routes", "Microsoft.TeamFoundation.Build2.Routes.csproj", "{FD5C36E5-14E5-4E6F-831E-EB7C84059A6B}"
EndProject
Global
	GlobalSection(SolutionConfigurationPlatforms) = preSolution
		Debug|Any CPU = Debug|Any CPU
		Release|Any CPU = Release|Any CPU
	EndGlobalSection
	GlobalSection(ProjectConfigurationPlatforms) = postSolution
		{FD5C36E5-14E5-4E6F-831E-EB7C84059A6B}.Debug|Any CPU.ActiveCfg = Debug|Any CPU
		{FD5C36E5-14E5-4E6F-831E-EB7C84059A6B}.Debug|Any CPU.Build.0 = Debug|Any CPU
		{FD5C36E5-14E5-4E6F-831E-EB7C84059A6B}.Release|Any CPU.ActiveCfg = Release|Any CPU
		{FD5C36E5-14E5-4E6F-831E-EB7C84059A6B}.Release|Any CPU.Build.0 = Release|Any CPU
	EndGlobalSection
	GlobalSection(SolutionProperties) = preSolution
		HideSolutionNode = FALSE
	EndGlobalSection
EndGlobal
