
Microsoft Visual Studio Solution File, Format Version 11.00
# Visual Studio 2010
Project("{FAE04EC0-301F-11D3-BF4B-00C04F79EFBC}") = "Microsoft.VisualStudio.Services.ReleaseManagement2.Artifact.Extensions", "Microsoft.VisualStudio.Services.ReleaseManagement2.Artifact.Extensions.csproj", "{49B22E18-4D8C-4900-A96F-97F927C0AA57}"
EndProject
Global
	GlobalSection(SolutionConfigurationPlatforms) = preSolution
		Debug|Any CPU = Debug|Any CPU
		Release|Any CPU = Release|Any CPU
	EndGlobalSection
	GlobalSection(ProjectConfigurationPlatforms) = postSolution
		{49B22E18-4D8C-4900-A96F-97F927C0AA57}.Debug|Any CPU.ActiveCfg = Debug|Any CPU
		{49B22E18-4D8C-4900-A96F-97F927C0AA57}.Debug|Any CPU.Build.0 = Debug|Any CPU
		{49B22E18-4D8C-4900-A96F-97F927C0AA57}.Release|Any CPU.ActiveCfg = Release|Any CPU
		{49B22E18-4D8C-4900-A96F-97F927C0AA57}.Release|Any CPU.Build.0 = Release|Any CPU
	EndGlobalSection
	GlobalSection(SolutionProperties) = preSolution
		HideSolutionNode = FALSE
	EndGlobalSection
EndGlobal
