
Microsoft Visual Studio Solution File, Format Version 11.00
# Visual Studio 2010
Project("{FAE04EC0-301F-11D3-BF4B-00C04F79EFBC}") = "Microsoft.Azure.Pipelines.TestImpact.Server", "Microsoft.Azure.Pipelines.TestImpact.Server.csproj", "{D58D8C9D-F97A-4338-ABB7-7F091B39B31E}"
EndProject
Global
	GlobalSection(SolutionConfigurationPlatforms) = preSolution
		Debug|Any CPU = Debug|Any CPU
		Release|Any CPU = Release|Any CPU
	EndGlobalSection
	GlobalSection(ProjectConfigurationPlatforms) = postSolution
		{D58D8C9D-F97A-4338-ABB7-7F091B39B31E}.Debug|Any CPU.ActiveCfg = Debug|Any CPU
		{D58D8C9D-F97A-4338-ABB7-7F091B39B31E}.Debug|Any CPU.Build.0 = Debug|Any CPU
		{D58D8C9D-F97A-4338-ABB7-7F091B39B31E}.Release|Any CPU.ActiveCfg = Release|Any CPU
		{D58D8C9D-F97A-4338-ABB7-7F091B39B31E}.Release|Any CPU.Build.0 = Release|Any CPU
	EndGlobalSection
	GlobalSection(SolutionProperties) = preSolution
		HideSolutionNode = FALSE
	EndGlobalSection
EndGlobal
