
Microsoft Visual Studio Solution File, Format Version 11.00
# Visual Studio 2010
Project("{FAE04EC0-301F-11D3-BF4B-00C04F79EFBC}") = "Microsoft.Tfs.WorkItemTracking.LegacyTfsImplementations", "Microsoft.Tfs.WorkItemTracking.LegacyTfsImplementations.csproj", "{BCE22D3D-25F0-42A4-A611-493374B81C3D}"
EndProject
Global
	GlobalSection(SolutionConfigurationPlatforms) = preSolution
		Debug|Any CPU = Debug|Any CPU
		Release|Any CPU = Release|Any CPU
	EndGlobalSection
	GlobalSection(ProjectConfigurationPlatforms) = postSolution
		{BCE22D3D-25F0-42A4-A611-493374B81C3D}.Debug|Any CPU.ActiveCfg = Debug|Any CPU
		{BCE22D3D-25F0-42A4-A611-493374B81C3D}.Debug|Any CPU.Build.0 = Debug|Any CPU
		{BCE22D3D-25F0-42A4-A611-493374B81C3D}.Release|Any CPU.ActiveCfg = Release|Any CPU
		{BCE22D3D-25F0-42A4-A611-493374B81C3D}.Release|Any CPU.Build.0 = Release|Any CPU
	EndGlobalSection
	GlobalSection(SolutionProperties) = preSolution
		HideSolutionNode = FALSE
	EndGlobalSection
EndGlobal
