
Microsoft Visual Studio Solution File, Format Version 11.00
# Visual Studio 2010
Project("{FAE04EC0-301F-11D3-BF4B-00C04F79EFBC}") = "Microsoft.TeamFoundation.DistributedTask.Tasks", "Microsoft.TeamFoundation.DistributedTask.Tasks.csproj", "{A35A8851-15A4-4566-819F-A4AADCA8D545}"
EndProject
Global
	GlobalSection(SolutionConfigurationPlatforms) = preSolution
		Debug|Any CPU = Debug|Any CPU
		Release|Any CPU = Release|Any CPU
	EndGlobalSection
	GlobalSection(ProjectConfigurationPlatforms) = postSolution
		{A35A8851-15A4-4566-819F-A4AADCA8D545}.Debug|Any CPU.ActiveCfg = Debug|Any CPU
		{A35A8851-15A4-4566-819F-A4AADCA8D545}.Debug|Any CPU.Build.0 = Debug|Any CPU
		{A35A8851-15A4-4566-819F-A4AADCA8D545}.Release|Any CPU.ActiveCfg = Release|Any CPU
		{A35A8851-15A4-4566-819F-A4AADCA8D545}.Release|Any CPU.Build.0 = Release|Any CPU
	EndGlobalSection
	GlobalSection(SolutionProperties) = preSolution
		HideSolutionNode = FALSE
	EndGlobalSection
EndGlobal
