
Microsoft Visual Studio Solution File, Format Version 11.00
# Visual Studio 2010
Project("{FAE04EC0-301F-11D3-BF4B-00C04F79EFBC}") = "Microsoft.TeamFoundation.WorkItemTracking.ProcessTemplate.WebApi", "Microsoft.TeamFoundation.WorkItemTracking.ProcessTemplate.WebApi.csproj", "{BFBD7790-7C33-4B2D-875F-2DBFF9F3073A}"
EndProject
Global
	GlobalSection(SolutionConfigurationPlatforms) = preSolution
		Debug|Any CPU = Debug|Any CPU
		Release|Any CPU = Release|Any CPU
	EndGlobalSection
	GlobalSection(ProjectConfigurationPlatforms) = postSolution
		{BFBD7790-7C33-4B2D-875F-2DBFF9F3073A}.Debug|Any CPU.ActiveCfg = Debug|Any CPU
		{BFBD7790-7C33-4B2D-875F-2DBFF9F3073A}.Debug|Any CPU.Build.0 = Debug|Any CPU
		{BFBD7790-7C33-4B2D-875F-2DBFF9F3073A}.Release|Any CPU.ActiveCfg = Release|Any CPU
		{BFBD7790-7C33-4B2D-875F-2DBFF9F3073A}.Release|Any CPU.Build.0 = Release|Any CPU
	EndGlobalSection
	GlobalSection(SolutionProperties) = preSolution
		HideSolutionNode = FALSE
	EndGlobalSection
EndGlobal
