
Microsoft Visual Studio Solution File, Format Version 11.00
# Visual Studio 2010
Project("{FAE04EC0-301F-11D3-BF4B-00C04F79EFBC}") = "Microsoft.TeamFoundation.TestManagement.WebApi", "Microsoft.TeamFoundation.TestManagement.WebApi.csproj", "{23CEB51A-825A-42BF-ABAE-834E94AD1EF0}"
EndProject
Global
	GlobalSection(SolutionConfigurationPlatforms) = preSolution
		Debug|Any CPU = Debug|Any CPU
		Release|Any CPU = Release|Any CPU
	EndGlobalSection
	GlobalSection(ProjectConfigurationPlatforms) = postSolution
		{23CEB51A-825A-42BF-ABAE-834E94AD1EF0}.Debug|Any CPU.ActiveCfg = Debug|Any CPU
		{23CEB51A-825A-42BF-ABAE-834E94AD1EF0}.Debug|Any CPU.Build.0 = Debug|Any CPU
		{23CEB51A-825A-42BF-ABAE-834E94AD1EF0}.Release|Any CPU.ActiveCfg = Release|Any CPU
		{23CEB51A-825A-42BF-ABAE-834E94AD1EF0}.Release|Any CPU.Build.0 = Release|Any CPU
	EndGlobalSection
	GlobalSection(SolutionProperties) = preSolution
		HideSolutionNode = FALSE
	EndGlobalSection
EndGlobal
