
Microsoft Visual Studio Solution File, Format Version 11.00
# Visual Studio 2010
Project("{FAE04EC0-301F-11D3-BF4B-00C04F79EFBC}") = "Microsoft.TeamFoundation.Server.WebAccess.Notifications", "Microsoft.TeamFoundation.Server.WebAccess.Notifications.csproj", "{55A422EC-2A31-4025-8CF8-00E073BD01E7}"
EndProject
Global
	GlobalSection(SolutionConfigurationPlatforms) = preSolution
		Debug|Any CPU = Debug|Any CPU
		Release|Any CPU = Release|Any CPU
	EndGlobalSection
	GlobalSection(ProjectConfigurationPlatforms) = postSolution
		{55A422EC-2A31-4025-8CF8-00E073BD01E7}.Debug|Any CPU.ActiveCfg = Debug|Any CPU
		{55A422EC-2A31-4025-8CF8-00E073BD01E7}.Debug|Any CPU.Build.0 = Debug|Any CPU
		{55A422EC-2A31-4025-8CF8-00E073BD01E7}.Release|Any CPU.ActiveCfg = Release|Any CPU
		{55A422EC-2A31-4025-8CF8-00E073BD01E7}.Release|Any CPU.Build.0 = Release|Any CPU
	EndGlobalSection
	GlobalSection(SolutionProperties) = preSolution
		HideSolutionNode = FALSE
	EndGlobalSection
EndGlobal
