
Microsoft Visual Studio Solution File, Format Version 11.00
# Visual Studio 2010
Project("{FAE04EC0-301F-11D3-BF4B-00C04F79EFBC}") = "Microsoft.VisualStudio.Services.BlobStore.Common", "Microsoft.VisualStudio.Services.BlobStore.Common.csproj", "{D89CD6F4-669F-4121-893F-BACEA438E703}"
EndProject
Global
	GlobalSection(SolutionConfigurationPlatforms) = preSolution
		Debug|Any CPU = Debug|Any CPU
		Release|Any CPU = Release|Any CPU
	EndGlobalSection
	GlobalSection(ProjectConfigurationPlatforms) = postSolution
		{D89CD6F4-669F-4121-893F-BACEA438E703}.Debug|Any CPU.ActiveCfg = Debug|Any CPU
		{D89CD6F4-669F-4121-893F-BACEA438E703}.Debug|Any CPU.Build.0 = Debug|Any CPU
		{D89CD6F4-669F-4121-893F-BACEA438E703}.Release|Any CPU.ActiveCfg = Release|Any CPU
		{D89CD6F4-669F-4121-893F-BACEA438E703}.Release|Any CPU.Build.0 = Release|Any CPU
	EndGlobalSection
	GlobalSection(SolutionProperties) = preSolution
		HideSolutionNode = FALSE
	EndGlobalSection
EndGlobal
