
Microsoft Visual Studio Solution File, Format Version 11.00
# Visual Studio 2010
Project("{FAE04EC0-301F-11D3-BF4B-00C04F79EFBC}") = "Microsoft.TeamFoundation.ReleaseManagement.Common", "Microsoft.TeamFoundation.ReleaseManagement.Common.csproj", "{339C69E9-254A-43A0-AA3A-F6D5D5684F47}"
EndProject
Global
	GlobalSection(SolutionConfigurationPlatforms) = preSolution
		Debug|Any CPU = Debug|Any CPU
		Release|Any CPU = Release|Any CPU
	EndGlobalSection
	GlobalSection(ProjectConfigurationPlatforms) = postSolution
		{339C69E9-254A-43A0-AA3A-F6D5D5684F47}.Debug|Any CPU.ActiveCfg = Debug|Any CPU
		{339C69E9-254A-43A0-AA3A-F6D5D5684F47}.Debug|Any CPU.Build.0 = Debug|Any CPU
		{339C69E9-254A-43A0-AA3A-F6D5D5684F47}.Release|Any CPU.ActiveCfg = Release|Any CPU
		{339C69E9-254A-43A0-AA3A-F6D5D5684F47}.Release|Any CPU.Build.0 = Release|Any CPU
	EndGlobalSection
	GlobalSection(SolutionProperties) = preSolution
		HideSolutionNode = FALSE
	EndGlobalSection
EndGlobal
