
Microsoft Visual Studio Solution File, Format Version 11.00
# Visual Studio 2010
Project("{FAE04EC0-301F-11D3-BF4B-00C04F79EFBC}") = "Microsoft.VisualStudio.Services.Search.WebServer", "Microsoft.VisualStudio.Services.Search.WebServer.csproj", "{06171E21-9155-469D-A128-66F003BFBE66}"
EndProject
Global
	GlobalSection(SolutionConfigurationPlatforms) = preSolution
		Debug|Any CPU = Debug|Any CPU
		Release|Any CPU = Release|Any CPU
	EndGlobalSection
	GlobalSection(ProjectConfigurationPlatforms) = postSolution
		{06171E21-9155-469D-A128-66F003BFBE66}.Debug|Any CPU.ActiveCfg = Debug|Any CPU
		{06171E21-9155-469D-A128-66F003BFBE66}.Debug|Any CPU.Build.0 = Debug|Any CPU
		{06171E21-9155-469D-A128-66F003BFBE66}.Release|Any CPU.ActiveCfg = Release|Any CPU
		{06171E21-9155-469D-A128-66F003BFBE66}.Release|Any CPU.Build.0 = Release|Any CPU
	EndGlobalSection
	GlobalSection(SolutionProperties) = preSolution
		HideSolutionNode = FALSE
	EndGlobalSection
EndGlobal
