
Microsoft Visual Studio Solution File, Format Version 11.00
# Visual Studio 2010
Project("{FAE04EC0-301F-11D3-BF4B-00C04F79EFBC}") = "Microsoft.VisualStudio.Services.CodeReview.WebApi", "Microsoft.VisualStudio.Services.CodeReview.WebApi.csproj", "{6940EE8D-4398-41EF-9A39-B657AF740DCF}"
EndProject
Global
	GlobalSection(SolutionConfigurationPlatforms) = preSolution
		Debug|Any CPU = Debug|Any CPU
		Release|Any CPU = Release|Any CPU
	EndGlobalSection
	GlobalSection(ProjectConfigurationPlatforms) = postSolution
		{6940EE8D-4398-41EF-9A39-B657AF740DCF}.Debug|Any CPU.ActiveCfg = Debug|Any CPU
		{6940EE8D-4398-41EF-9A39-B657AF740DCF}.Debug|Any CPU.Build.0 = Debug|Any CPU
		{6940EE8D-4398-41EF-9A39-B657AF740DCF}.Release|Any CPU.ActiveCfg = Release|Any CPU
		{6940EE8D-4398-41EF-9A39-B657AF740DCF}.Release|Any CPU.Build.0 = Release|Any CPU
	EndGlobalSection
	GlobalSection(SolutionProperties) = preSolution
		HideSolutionNode = FALSE
	EndGlobalSection
EndGlobal
