
Microsoft Visual Studio Solution File, Format Version 11.00
# Visual Studio 2010
Project("{FAE04EC0-301F-11D3-BF4B-00C04F79EFBC}") = "Microsoft.VisualStudio.Services.CodeReview.Server.Common", "Microsoft.VisualStudio.Services.CodeReview.Server.Common.csproj", "{89B7D57E-BFE4-4727-AE53-565440C0836D}"
EndProject
Global
	GlobalSection(SolutionConfigurationPlatforms) = preSolution
		Debug|Any CPU = Debug|Any CPU
		Release|Any CPU = Release|Any CPU
	EndGlobalSection
	GlobalSection(ProjectConfigurationPlatforms) = postSolution
		{89B7D57E-BFE4-4727-AE53-565440C0836D}.Debug|Any CPU.ActiveCfg = Debug|Any CPU
		{89B7D57E-BFE4-4727-AE53-565440C0836D}.Debug|Any CPU.Build.0 = Debug|Any CPU
		{89B7D57E-BFE4-4727-AE53-565440C0836D}.Release|Any CPU.ActiveCfg = Release|Any CPU
		{89B7D57E-BFE4-4727-AE53-565440C0836D}.Release|Any CPU.Build.0 = Release|Any CPU
	EndGlobalSection
	GlobalSection(SolutionProperties) = preSolution
		HideSolutionNode = FALSE
	EndGlobalSection
EndGlobal
