
Microsoft Visual Studio Solution File, Format Version 11.00
# Visual Studio 2010
Project("{FAE04EC0-301F-11D3-BF4B-00C04F79EFBC}") = "Microsoft.TeamFoundation.Build2.WebApiConverters", "Microsoft.TeamFoundation.Build2.WebApiConverters.csproj", "{5823E7F1-8E5D-411A-B7E9-82C72EFF642A}"
EndProject
Global
	GlobalSection(SolutionConfigurationPlatforms) = preSolution
		Debug|Any CPU = Debug|Any CPU
		Release|Any CPU = Release|Any CPU
	EndGlobalSection
	GlobalSection(ProjectConfigurationPlatforms) = postSolution
		{5823E7F1-8E5D-411A-B7E9-82C72EFF642A}.Debug|Any CPU.ActiveCfg = Debug|Any CPU
		{5823E7F1-8E5D-411A-B7E9-82C72EFF642A}.Debug|Any CPU.Build.0 = Debug|Any CPU
		{5823E7F1-8E5D-411A-B7E9-82C72EFF642A}.Release|Any CPU.ActiveCfg = Release|Any CPU
		{5823E7F1-8E5D-411A-B7E9-82C72EFF642A}.Release|Any CPU.Build.0 = Release|Any CPU
	EndGlobalSection
	GlobalSection(SolutionProperties) = preSolution
		HideSolutionNode = FALSE
	EndGlobalSection
EndGlobal
