
Microsoft Visual Studio Solution File, Format Version 11.00
# Visual Studio 2010
Project("{FAE04EC0-301F-11D3-BF4B-00C04F79EFBC}") = "Microsoft.VisualStudio.Services.Commerce", "Microsoft.VisualStudio.Services.Commerce.csproj", "{10B63FE6-A3E4-4014-8C25-B39D3A8E665B}"
EndProject
Global
	GlobalSection(SolutionConfigurationPlatforms) = preSolution
		Debug|Any CPU = Debug|Any CPU
		Release|Any CPU = Release|Any CPU
	EndGlobalSection
	GlobalSection(ProjectConfigurationPlatforms) = postSolution
		{10B63FE6-A3E4-4014-8C25-B39D3A8E665B}.Debug|Any CPU.ActiveCfg = Debug|Any CPU
		{10B63FE6-A3E4-4014-8C25-B39D3A8E665B}.Debug|Any CPU.Build.0 = Debug|Any CPU
		{10B63FE6-A3E4-4014-8C25-B39D3A8E665B}.Release|Any CPU.ActiveCfg = Release|Any CPU
		{10B63FE6-A3E4-4014-8C25-B39D3A8E665B}.Release|Any CPU.Build.0 = Release|Any CPU
	EndGlobalSection
	GlobalSection(SolutionProperties) = preSolution
		HideSolutionNode = FALSE
	EndGlobalSection
EndGlobal
