
Microsoft Visual Studio Solution File, Format Version 11.00
# Visual Studio 2010
Project("{FAE04EC0-301F-11D3-BF4B-00C04F79EFBC}") = "Microsoft.TeamFoundation.WorkItemTracking.Server.DataAccessLayer", "Microsoft.TeamFoundation.WorkItemTracking.Server.DataAccessLayer.csproj", "{A96C44A5-007F-4220-98DB-DD422475483A}"
EndProject
Global
	GlobalSection(SolutionConfigurationPlatforms) = preSolution
		Debug|Any CPU = Debug|Any CPU
		Release|Any CPU = Release|Any CPU
	EndGlobalSection
	GlobalSection(ProjectConfigurationPlatforms) = postSolution
		{A96C44A5-007F-4220-98DB-DD422475483A}.Debug|Any CPU.ActiveCfg = Debug|Any CPU
		{A96C44A5-007F-4220-98DB-DD422475483A}.Debug|Any CPU.Build.0 = Debug|Any CPU
		{A96C44A5-007F-4220-98DB-DD422475483A}.Release|Any CPU.ActiveCfg = Release|Any CPU
		{A96C44A5-007F-4220-98DB-DD422475483A}.Release|Any CPU.Build.0 = Release|Any CPU
	EndGlobalSection
	GlobalSection(SolutionProperties) = preSolution
		HideSolutionNode = FALSE
	EndGlobalSection
EndGlobal
