
Microsoft Visual Studio Solution File, Format Version 11.00
# Visual Studio 2010
Project("{FAE04EC0-301F-11D3-BF4B-00C04F79EFBC}") = "Microsoft.TeamFoundation.WorkItemTracking.Common", "Microsoft.TeamFoundation.WorkItemTracking.Common.csproj", "{7CA78642-9BE0-4716-9615-2CEE68A5EFE1}"
EndProject
Global
	GlobalSection(SolutionConfigurationPlatforms) = preSolution
		Debug|Any CPU = Debug|Any CPU
		Release|Any CPU = Release|Any CPU
	EndGlobalSection
	GlobalSection(ProjectConfigurationPlatforms) = postSolution
		{7CA78642-9BE0-4716-9615-2CEE68A5EFE1}.Debug|Any CPU.ActiveCfg = Debug|Any CPU
		{7CA78642-9BE0-4716-9615-2CEE68A5EFE1}.Debug|Any CPU.Build.0 = Debug|Any CPU
		{7CA78642-9BE0-4716-9615-2CEE68A5EFE1}.Release|Any CPU.ActiveCfg = Release|Any CPU
		{7CA78642-9BE0-4716-9615-2CEE68A5EFE1}.Release|Any CPU.Build.0 = Release|Any CPU
	EndGlobalSection
	GlobalSection(SolutionProperties) = preSolution
		HideSolutionNode = FALSE
	EndGlobalSection
EndGlobal
