
Microsoft Visual Studio Solution File, Format Version 11.00
# Visual Studio 2010
Project("{FAE04EC0-301F-11D3-BF4B-00C04F79EFBC}") = "Microsoft.Azure.Pipelines.Environments.Server.Extensions", "Microsoft.Azure.Pipelines.Environments.Server.Extensions.csproj", "{985AC0C4-226A-4175-90AB-E63DF0D5D34E}"
EndProject
Global
	GlobalSection(SolutionConfigurationPlatforms) = preSolution
		Debug|Any CPU = Debug|Any CPU
		Release|Any CPU = Release|Any CPU
	EndGlobalSection
	GlobalSection(ProjectConfigurationPlatforms) = postSolution
		{985AC0C4-226A-4175-90AB-E63DF0D5D34E}.Debug|Any CPU.ActiveCfg = Debug|Any CPU
		{985AC0C4-226A-4175-90AB-E63DF0D5D34E}.Debug|Any CPU.Build.0 = Debug|Any CPU
		{985AC0C4-226A-4175-90AB-E63DF0D5D34E}.Release|Any CPU.ActiveCfg = Release|Any CPU
		{985AC0C4-226A-4175-90AB-E63DF0D5D34E}.Release|Any CPU.Build.0 = Release|Any CPU
	EndGlobalSection
	GlobalSection(SolutionProperties) = preSolution
		HideSolutionNode = FALSE
	EndGlobalSection
EndGlobal
