
Microsoft Visual Studio Solution File, Format Version 11.00
# Visual Studio 2010
Project("{FAE04EC0-301F-11D3-BF4B-00C04F79EFBC}") = "Microsoft.TeamFoundation.WorkItemTracking.Proxy", "Microsoft.TeamFoundation.WorkItemTracking.Proxy.csproj", "{8E831AA9-BF4A-4208-8AC7-126B99B1C31A}"
EndProject
Global
	GlobalSection(SolutionConfigurationPlatforms) = preSolution
		Debug|Any CPU = Debug|Any CPU
		Release|Any CPU = Release|Any CPU
	EndGlobalSection
	GlobalSection(ProjectConfigurationPlatforms) = postSolution
		{8E831AA9-BF4A-4208-8AC7-126B99B1C31A}.Debug|Any CPU.ActiveCfg = Debug|Any CPU
		{8E831AA9-BF4A-4208-8AC7-126B99B1C31A}.Debug|Any CPU.Build.0 = Debug|Any CPU
		{8E831AA9-BF4A-4208-8AC7-126B99B1C31A}.Release|Any CPU.ActiveCfg = Release|Any CPU
		{8E831AA9-BF4A-4208-8AC7-126B99B1C31A}.Release|Any CPU.Build.0 = Release|Any CPU
	EndGlobalSection
	GlobalSection(SolutionProperties) = preSolution
		HideSolutionNode = FALSE
	EndGlobalSection
EndGlobal
