
Microsoft Visual Studio Solution File, Format Version 11.00
# Visual Studio 2010
Project("{FAE04EC0-301F-11D3-BF4B-00C04F79EFBC}") = "Microsoft.VisualStudio.Services.SecurityRoles.Server", "Microsoft.VisualStudio.Services.SecurityRoles.Server.csproj", "{F1BA7F21-D07D-450B-A9AD-EF87E85C95AD}"
EndProject
Global
	GlobalSection(SolutionConfigurationPlatforms) = preSolution
		Debug|Any CPU = Debug|Any CPU
		Release|Any CPU = Release|Any CPU
	EndGlobalSection
	GlobalSection(ProjectConfigurationPlatforms) = postSolution
		{F1BA7F21-D07D-450B-A9AD-EF87E85C95AD}.Debug|Any CPU.ActiveCfg = Debug|Any CPU
		{F1BA7F21-D07D-450B-A9AD-EF87E85C95AD}.Debug|Any CPU.Build.0 = Debug|Any CPU
		{F1BA7F21-D07D-450B-A9AD-EF87E85C95AD}.Release|Any CPU.ActiveCfg = Release|Any CPU
		{F1BA7F21-D07D-450B-A9AD-EF87E85C95AD}.Release|Any CPU.Build.0 = Release|Any CPU
	EndGlobalSection
	GlobalSection(SolutionProperties) = preSolution
		HideSolutionNode = FALSE
	EndGlobalSection
EndGlobal
