
Microsoft Visual Studio Solution File, Format Version 11.00
# Visual Studio 2010
Project("{FAE04EC0-301F-11D3-BF4B-00C04F79EFBC}") = "Microsoft.TeamFoundation.Server.WebAccess.Account", "Microsoft.TeamFoundation.Server.WebAccess.Account.csproj", "{FE15825E-BFE4-4D41-857E-0FE53C5549D1}"
EndProject
Global
	GlobalSection(SolutionConfigurationPlatforms) = preSolution
		Debug|Any CPU = Debug|Any CPU
		Release|Any CPU = Release|Any CPU
	EndGlobalSection
	GlobalSection(ProjectConfigurationPlatforms) = postSolution
		{FE15825E-BFE4-4D41-857E-0FE53C5549D1}.Debug|Any CPU.ActiveCfg = Debug|Any CPU
		{FE15825E-BFE4-4D41-857E-0FE53C5549D1}.Debug|Any CPU.Build.0 = Debug|Any CPU
		{FE15825E-BFE4-4D41-857E-0FE53C5549D1}.Release|Any CPU.ActiveCfg = Release|Any CPU
		{FE15825E-BFE4-4D41-857E-0FE53C5549D1}.Release|Any CPU.Build.0 = Release|Any CPU
	EndGlobalSection
	GlobalSection(SolutionProperties) = preSolution
		HideSolutionNode = FALSE
	EndGlobalSection
EndGlobal
