
Microsoft Visual Studio Solution File, Format Version 11.00
# Visual Studio 2010
Project("{FAE04EC0-301F-11D3-BF4B-00C04F79EFBC}") = "Microsoft.VisualStudio.Services.Notifications.Server", "Microsoft.VisualStudio.Services.Notifications.Server.csproj", "{28D15D28-2EC9-45F8-BFCF-3E404F534A7E}"
EndProject
Global
	GlobalSection(SolutionConfigurationPlatforms) = preSolution
		Debug|Any CPU = Debug|Any CPU
		Release|Any CPU = Release|Any CPU
	EndGlobalSection
	GlobalSection(ProjectConfigurationPlatforms) = postSolution
		{28D15D28-2EC9-45F8-BFCF-3E404F534A7E}.Debug|Any CPU.ActiveCfg = Debug|Any CPU
		{28D15D28-2EC9-45F8-BFCF-3E404F534A7E}.Debug|Any CPU.Build.0 = Debug|Any CPU
		{28D15D28-2EC9-45F8-BFCF-3E404F534A7E}.Release|Any CPU.ActiveCfg = Release|Any CPU
		{28D15D28-2EC9-45F8-BFCF-3E404F534A7E}.Release|Any CPU.Build.0 = Release|Any CPU
	EndGlobalSection
	GlobalSection(SolutionProperties) = preSolution
		HideSolutionNode = FALSE
	EndGlobalSection
EndGlobal
