
Microsoft Visual Studio Solution File, Format Version 11.00
# Visual Studio 2010
Project("{FAE04EC0-301F-11D3-BF4B-00C04F79EFBC}") = "Microsoft.VisualStudio.Services.Packaging.Shared.Internal.WebApi", "Microsoft.VisualStudio.Services.Packaging.Shared.Internal.WebApi.csproj", "{09CE1761-AA56-48A6-9369-AA961E2EC698}"
EndProject
Global
	GlobalSection(SolutionConfigurationPlatforms) = preSolution
		Debug|Any CPU = Debug|Any CPU
		Release|Any CPU = Release|Any CPU
	EndGlobalSection
	GlobalSection(ProjectConfigurationPlatforms) = postSolution
		{09CE1761-AA56-48A6-9369-AA961E2EC698}.Debug|Any CPU.ActiveCfg = Debug|Any CPU
		{09CE1761-AA56-48A6-9369-AA961E2EC698}.Debug|Any CPU.Build.0 = Debug|Any CPU
		{09CE1761-AA56-48A6-9369-AA961E2EC698}.Release|Any CPU.ActiveCfg = Release|Any CPU
		{09CE1761-AA56-48A6-9369-AA961E2EC698}.Release|Any CPU.Build.0 = Release|Any CPU
	EndGlobalSection
	GlobalSection(SolutionProperties) = preSolution
		HideSolutionNode = FALSE
	EndGlobalSection
EndGlobal
