
Microsoft Visual Studio Solution File, Format Version 11.00
# Visual Studio 2010
Project("{FAE04EC0-301F-11D3-BF4B-00C04F79EFBC}") = "Microsoft.TeamFoundation.Server.WebAccess.Requirements", "Microsoft.TeamFoundation.Server.WebAccess.Requirements.csproj", "{DB466B44-DEF3-46A8-B906-212409E384E4}"
EndProject
Global
	GlobalSection(SolutionConfigurationPlatforms) = preSolution
		Debug|Any CPU = Debug|Any CPU
		Release|Any CPU = Release|Any CPU
	EndGlobalSection
	GlobalSection(ProjectConfigurationPlatforms) = postSolution
		{DB466B44-DEF3-46A8-B906-212409E384E4}.Debug|Any CPU.ActiveCfg = Debug|Any CPU
		{DB466B44-DEF3-46A8-B906-212409E384E4}.Debug|Any CPU.Build.0 = Debug|Any CPU
		{DB466B44-DEF3-46A8-B906-212409E384E4}.Release|Any CPU.ActiveCfg = Release|Any CPU
		{DB466B44-DEF3-46A8-B906-212409E384E4}.Release|Any CPU.Build.0 = Release|Any CPU
	EndGlobalSection
	GlobalSection(SolutionProperties) = preSolution
		HideSolutionNode = FALSE
	EndGlobalSection
EndGlobal
