
Microsoft Visual Studio Solution File, Format Version 11.00
# Visual Studio 2010
Project("{FAE04EC0-301F-11D3-BF4B-00C04F79EFBC}") = "Microsoft.Azure.Devops.Tags.Server", "Microsoft.Azure.Devops.Tags.Server.csproj", "{EDD1BE3F-305D-4BB8-9F27-1542250DF310}"
EndProject
Global
	GlobalSection(SolutionConfigurationPlatforms) = preSolution
		Debug|Any CPU = Debug|Any CPU
		Release|Any CPU = Release|Any CPU
	EndGlobalSection
	GlobalSection(ProjectConfigurationPlatforms) = postSolution
		{EDD1BE3F-305D-4BB8-9F27-1542250DF310}.Debug|Any CPU.ActiveCfg = Debug|Any CPU
		{EDD1BE3F-305D-4BB8-9F27-1542250DF310}.Debug|Any CPU.Build.0 = Debug|Any CPU
		{EDD1BE3F-305D-4BB8-9F27-1542250DF310}.Release|Any CPU.ActiveCfg = Release|Any CPU
		{EDD1BE3F-305D-4BB8-9F27-1542250DF310}.Release|Any CPU.Build.0 = Release|Any CPU
	EndGlobalSection
	GlobalSection(SolutionProperties) = preSolution
		HideSolutionNode = FALSE
	EndGlobalSection
EndGlobal
