
Microsoft Visual Studio Solution File, Format Version 11.00
# Visual Studio 2010
Project("{FAE04EC0-301F-11D3-BF4B-00C04F79EFBC}") = "Microsoft.VisualStudio.Analytics.WebPlatform", "Microsoft.VisualStudio.Analytics.WebPlatform.csproj", "{CAB5FF3D-30A4-4DC7-AC35-2C9037AD3F80}"
EndProject
Global
	GlobalSection(SolutionConfigurationPlatforms) = preSolution
		Debug|Any CPU = Debug|Any CPU
		Release|Any CPU = Release|Any CPU
	EndGlobalSection
	GlobalSection(ProjectConfigurationPlatforms) = postSolution
		{CAB5FF3D-30A4-4DC7-AC35-2C9037AD3F80}.Debug|Any CPU.ActiveCfg = Debug|Any CPU
		{CAB5FF3D-30A4-4DC7-AC35-2C9037AD3F80}.Debug|Any CPU.Build.0 = Debug|Any CPU
		{CAB5FF3D-30A4-4DC7-AC35-2C9037AD3F80}.Release|Any CPU.ActiveCfg = Release|Any CPU
		{CAB5FF3D-30A4-4DC7-AC35-2C9037AD3F80}.Release|Any CPU.Build.0 = Release|Any CPU
	EndGlobalSection
	GlobalSection(SolutionProperties) = preSolution
		HideSolutionNode = FALSE
	EndGlobalSection
EndGlobal
