
Microsoft Visual Studio Solution File, Format Version 11.00
# Visual Studio 2010
Project("{FAE04EC0-301F-11D3-BF4B-00C04F79EFBC}") = "Microsoft.TeamFoundation.Server.WebAccess.BuiltInExtensions", "Microsoft.TeamFoundation.Server.WebAccess.BuiltInExtensions.csproj", "{D2AD2158-D191-4B70-81E8-A25A55824D63}"
EndProject
Global
	GlobalSection(SolutionConfigurationPlatforms) = preSolution
		Debug|Any CPU = Debug|Any CPU
		Release|Any CPU = Release|Any CPU
	EndGlobalSection
	GlobalSection(ProjectConfigurationPlatforms) = postSolution
		{D2AD2158-D191-4B70-81E8-A25A55824D63}.Debug|Any CPU.ActiveCfg = Debug|Any CPU
		{D2AD2158-D191-4B70-81E8-A25A55824D63}.Debug|Any CPU.Build.0 = Debug|Any CPU
		{D2AD2158-D191-4B70-81E8-A25A55824D63}.Release|Any CPU.ActiveCfg = Release|Any CPU
		{D2AD2158-D191-4B70-81E8-A25A55824D63}.Release|Any CPU.Build.0 = Release|Any CPU
	EndGlobalSection
	GlobalSection(SolutionProperties) = preSolution
		HideSolutionNode = FALSE
	EndGlobalSection
EndGlobal
