
Microsoft Visual Studio Solution File, Format Version 11.00
# Visual Studio 2010
Project("{FAE04EC0-301F-11D3-BF4B-00C04F79EFBC}") = "Microsoft.Azure.DevOps.WebPlatform.Comments.WebAccess", "Microsoft.Azure.DevOps.WebPlatform.Comments.WebAccess.csproj", "{EB48E749-2175-4246-88BC-42AE06AA3B39}"
EndProject
Global
	GlobalSection(SolutionConfigurationPlatforms) = preSolution
		Debug|Any CPU = Debug|Any CPU
		Release|Any CPU = Release|Any CPU
	EndGlobalSection
	GlobalSection(ProjectConfigurationPlatforms) = postSolution
		{EB48E749-2175-4246-88BC-42AE06AA3B39}.Debug|Any CPU.ActiveCfg = Debug|Any CPU
		{EB48E749-2175-4246-88BC-42AE06AA3B39}.Debug|Any CPU.Build.0 = Debug|Any CPU
		{EB48E749-2175-4246-88BC-42AE06AA3B39}.Release|Any CPU.ActiveCfg = Release|Any CPU
		{EB48E749-2175-4246-88BC-42AE06AA3B39}.Release|Any CPU.Build.0 = Release|Any CPU
	EndGlobalSection
	GlobalSection(SolutionProperties) = preSolution
		HideSolutionNode = FALSE
	EndGlobalSection
EndGlobal
