
Microsoft Visual Studio Solution File, Format Version 11.00
# Visual Studio 2010
Project("{FAE04EC0-301F-11D3-BF4B-00C04F79EFBC}") = "Microsoft.VisualStudio.WebPlatform.CodeReview.WebAccess", "Microsoft.VisualStudio.WebPlatform.CodeReview.WebAccess.csproj", "{9C893A5D-6843-4C54-A523-21162DABED9F}"
EndProject
Global
	GlobalSection(SolutionConfigurationPlatforms) = preSolution
		Debug|Any CPU = Debug|Any CPU
		Release|Any CPU = Release|Any CPU
	EndGlobalSection
	GlobalSection(ProjectConfigurationPlatforms) = postSolution
		{9C893A5D-6843-4C54-A523-21162DABED9F}.Debug|Any CPU.ActiveCfg = Debug|Any CPU
		{9C893A5D-6843-4C54-A523-21162DABED9F}.Debug|Any CPU.Build.0 = Debug|Any CPU
		{9C893A5D-6843-4C54-A523-21162DABED9F}.Release|Any CPU.ActiveCfg = Release|Any CPU
		{9C893A5D-6843-4C54-A523-21162DABED9F}.Release|Any CPU.Build.0 = Release|Any CPU
	EndGlobalSection
	GlobalSection(SolutionProperties) = preSolution
		HideSolutionNode = FALSE
	EndGlobalSection
EndGlobal
