
Microsoft Visual Studio Solution File, Format Version 11.00
# Visual Studio 2010
Project("{FAE04EC0-301F-11D3-BF4B-00C04F79EFBC}") = "Microsoft.Azure.Boards.ProcessTemplates", "Microsoft.Azure.Boards.ProcessTemplates.csproj", "{92F32F92-F6C4-463F-9E01-44E6324C47C0}"
EndProject
Global
	GlobalSection(SolutionConfigurationPlatforms) = preSolution
		Debug|Any CPU = Debug|Any CPU
		Release|Any CPU = Release|Any CPU
	EndGlobalSection
	GlobalSection(ProjectConfigurationPlatforms) = postSolution
		{92F32F92-F6C4-463F-9E01-44E6324C47C0}.Debug|Any CPU.ActiveCfg = Debug|Any CPU
		{92F32F92-F6C4-463F-9E01-44E6324C47C0}.Debug|Any CPU.Build.0 = Debug|Any CPU
		{92F32F92-F6C4-463F-9E01-44E6324C47C0}.Release|Any CPU.ActiveCfg = Release|Any CPU
		{92F32F92-F6C4-463F-9E01-44E6324C47C0}.Release|Any CPU.Build.0 = Release|Any CPU
	EndGlobalSection
	GlobalSection(SolutionProperties) = preSolution
		HideSolutionNode = FALSE
	EndGlobalSection
EndGlobal
