
Microsoft Visual Studio Solution File, Format Version 11.00
# Visual Studio 2010
Project("{FAE04EC0-301F-11D3-BF4B-00C04F79EFBC}") = "Microsoft.TeamFoundation.Server.WebAccess.Widgets", "Microsoft.TeamFoundation.Server.WebAccess.Widgets.csproj", "{3B42580E-2CE8-405F-9597-34A6DB39961A}"
EndProject
Global
	GlobalSection(SolutionConfigurationPlatforms) = preSolution
		Debug|Any CPU = Debug|Any CPU
		Release|Any CPU = Release|Any CPU
	EndGlobalSection
	GlobalSection(ProjectConfigurationPlatforms) = postSolution
		{3B42580E-2CE8-405F-9597-34A6DB39961A}.Debug|Any CPU.ActiveCfg = Debug|Any CPU
		{3B42580E-2CE8-405F-9597-34A6DB39961A}.Debug|Any CPU.Build.0 = Debug|Any CPU
		{3B42580E-2CE8-405F-9597-34A6DB39961A}.Release|Any CPU.ActiveCfg = Release|Any CPU
		{3B42580E-2CE8-405F-9597-34A6DB39961A}.Release|Any CPU.Build.0 = Release|Any CPU
	EndGlobalSection
	GlobalSection(SolutionProperties) = preSolution
		HideSolutionNode = FALSE
	EndGlobalSection
EndGlobal
