
Microsoft Visual Studio Solution File, Format Version 11.00
# Visual Studio 2010
Project("{FAE04EC0-301F-11D3-BF4B-00C04F79EFBC}") = "Microsoft.VisualStudio.Services.Feed.Common", "Microsoft.VisualStudio.Services.Feed.Common.csproj", "{CFCCC113-2D2C-4213-9742-18BB039EB0C1}"
EndProject
Global
	GlobalSection(SolutionConfigurationPlatforms) = preSolution
		Debug|Any CPU = Debug|Any CPU
		Release|Any CPU = Release|Any CPU
	EndGlobalSection
	GlobalSection(ProjectConfigurationPlatforms) = postSolution
		{CFCCC113-2D2C-4213-9742-18BB039EB0C1}.Debug|Any CPU.ActiveCfg = Debug|Any CPU
		{CFCCC113-2D2C-4213-9742-18BB039EB0C1}.Debug|Any CPU.Build.0 = Debug|Any CPU
		{CFCCC113-2D2C-4213-9742-18BB039EB0C1}.Release|Any CPU.ActiveCfg = Release|Any CPU
		{CFCCC113-2D2C-4213-9742-18BB039EB0C1}.Release|Any CPU.Build.0 = Release|Any CPU
	EndGlobalSection
	GlobalSection(SolutionProperties) = preSolution
		HideSolutionNode = FALSE
	EndGlobalSection
EndGlobal
