
Microsoft Visual Studio Solution File, Format Version 12.00
# Visual Studio 2012
Project("{FAE04EC0-301F-11D3-BF4B-00C04F79EFBC}") = "Microsoft.AspNet.TelemetryCorrelation", "Microsoft.AspNet.TelemetryCorrelation.csproj", "{956BE3D5-8E0C-4BAB-802C-7279A66118C6}"
EndProject
Global
	GlobalSection(SolutionConfigurationPlatforms) = preSolution
		Debug|Any CPU = Debug|Any CPU
		Release|Any CPU = Release|Any CPU
	EndGlobalSection
	GlobalSection(ProjectConfigurationPlatforms) = postSolution
		{956BE3D5-8E0C-4BAB-802C-7279A66118C6}.Debug|Any CPU.ActiveCfg = Debug|Any CPU
		{956BE3D5-8E0C-4BAB-802C-7279A66118C6}.Debug|Any CPU.Build.0 = Debug|Any CPU
		{956BE3D5-8E0C-4BAB-802C-7279A66118C6}.Release|Any CPU.ActiveCfg = Release|Any CPU
		{956BE3D5-8E0C-4BAB-802C-7279A66118C6}.Release|Any CPU.Build.0 = Release|Any CPU
	EndGlobalSection
	GlobalSection(SolutionProperties) = preSolution
		HideSolutionNode = FALSE
	EndGlobalSection
EndGlobal
