
Microsoft Visual Studio Solution File, Format Version 11.00
# Visual Studio 2010
Project("{FAE04EC0-301F-11D3-BF4B-00C04F79EFBC}") = "Microsoft.TeamFoundation.WorkItemTracking.ClientSlim", "Microsoft.TeamFoundation.WorkItemTracking.ClientSlim.csproj", "{161038E3-6CA3-42CA-A7F6-6124B07F3481}"
EndProject
Global
	GlobalSection(SolutionConfigurationPlatforms) = preSolution
		Debug|Any CPU = Debug|Any CPU
		Release|Any CPU = Release|Any CPU
	EndGlobalSection
	GlobalSection(ProjectConfigurationPlatforms) = postSolution
		{161038E3-6CA3-42CA-A7F6-6124B07F3481}.Debug|Any CPU.ActiveCfg = Debug|Any CPU
		{161038E3-6CA3-42CA-A7F6-6124B07F3481}.Debug|Any CPU.Build.0 = Debug|Any CPU
		{161038E3-6CA3-42CA-A7F6-6124B07F3481}.Release|Any CPU.ActiveCfg = Release|Any CPU
		{161038E3-6CA3-42CA-A7F6-6124B07F3481}.Release|Any CPU.Build.0 = Release|Any CPU
	EndGlobalSection
	GlobalSection(SolutionProperties) = preSolution
		HideSolutionNode = FALSE
	EndGlobalSection
EndGlobal
