
Microsoft Visual Studio Solution File, Format Version 11.00
# Visual Studio 2010
Project("{FAE04EC0-301F-11D3-BF4B-00C04F79EFBC}") = "Microsoft.TeamFoundation.AdminEngagement.Server", "Microsoft.TeamFoundation.AdminEngagement.Server.csproj", "{15322692-362F-46CC-8AD8-41DE1B3B6292}"
EndProject
Global
	GlobalSection(SolutionConfigurationPlatforms) = preSolution
		Debug|Any CPU = Debug|Any CPU
		Release|Any CPU = Release|Any CPU
	EndGlobalSection
	GlobalSection(ProjectConfigurationPlatforms) = postSolution
		{15322692-362F-46CC-8AD8-41DE1B3B6292}.Debug|Any CPU.ActiveCfg = Debug|Any CPU
		{15322692-362F-46CC-8AD8-41DE1B3B6292}.Debug|Any CPU.Build.0 = Debug|Any CPU
		{15322692-362F-46CC-8AD8-41DE1B3B6292}.Release|Any CPU.ActiveCfg = Release|Any CPU
		{15322692-362F-46CC-8AD8-41DE1B3B6292}.Release|Any CPU.Build.0 = Release|Any CPU
	EndGlobalSection
	GlobalSection(SolutionProperties) = preSolution
		HideSolutionNode = FALSE
	EndGlobalSection
EndGlobal
