
Microsoft Visual Studio Solution File, Format Version 11.00
# Visual Studio 2010
Project("{FAE04EC0-301F-11D3-BF4B-00C04F79EFBC}") = "Microsoft.TeamFoundation.DistributedTask.Azure", "Microsoft.TeamFoundation.DistributedTask.Azure.csproj", "{810391A9-3335-4D59-A1AE-94BE61B1D662}"
EndProject
Global
	GlobalSection(SolutionConfigurationPlatforms) = preSolution
		Debug|Any CPU = Debug|Any CPU
		Release|Any CPU = Release|Any CPU
	EndGlobalSection
	GlobalSection(ProjectConfigurationPlatforms) = postSolution
		{810391A9-3335-4D59-A1AE-94BE61B1D662}.Debug|Any CPU.ActiveCfg = Debug|Any CPU
		{810391A9-3335-4D59-A1AE-94BE61B1D662}.Debug|Any CPU.Build.0 = Debug|Any CPU
		{810391A9-3335-4D59-A1AE-94BE61B1D662}.Release|Any CPU.ActiveCfg = Release|Any CPU
		{810391A9-3335-4D59-A1AE-94BE61B1D662}.Release|Any CPU.Build.0 = Release|Any CPU
	EndGlobalSection
	GlobalSection(SolutionProperties) = preSolution
		HideSolutionNode = FALSE
	EndGlobalSection
EndGlobal
