
Microsoft Visual Studio Solution File, Format Version 11.00
# Visual Studio 2010
Project("{FAE04EC0-301F-11D3-BF4B-00C04F79EFBC}") = "Microsoft.TeamFoundation.Server.WebAccess.Alerts", "Microsoft.TeamFoundation.Server.WebAccess.Alerts.csproj", "{BDB457C2-249C-470F-A433-5667A8E7BBD2}"
EndProject
Global
	GlobalSection(SolutionConfigurationPlatforms) = preSolution
		Debug|Any CPU = Debug|Any CPU
		Release|Any CPU = Release|Any CPU
	EndGlobalSection
	GlobalSection(ProjectConfigurationPlatforms) = postSolution
		{BDB457C2-249C-470F-A433-5667A8E7BBD2}.Debug|Any CPU.ActiveCfg = Debug|Any CPU
		{BDB457C2-249C-470F-A433-5667A8E7BBD2}.Debug|Any CPU.Build.0 = Debug|Any CPU
		{BDB457C2-249C-470F-A433-5667A8E7BBD2}.Release|Any CPU.ActiveCfg = Release|Any CPU
		{BDB457C2-249C-470F-A433-5667A8E7BBD2}.Release|Any CPU.Build.0 = Release|Any CPU
	EndGlobalSection
	GlobalSection(SolutionProperties) = preSolution
		HideSolutionNode = FALSE
	EndGlobalSection
EndGlobal
