
Microsoft Visual Studio Solution File, Format Version 11.00
# Visual Studio 2010
Project("{FAE04EC0-301F-11D3-BF4B-00C04F79EFBC}") = "Microsoft.VisualStudio.Services.Search.Server.Storage.FileSystem.Definitions", "Microsoft.VisualStudio.Services.Search.Server.Storage.FileSystem.Definitions.csproj", "{36F3E531-B05B-403A-9A93-063657AC89FF}"
EndProject
Global
	GlobalSection(SolutionConfigurationPlatforms) = preSolution
		Debug|Any CPU = Debug|Any CPU
		Release|Any CPU = Release|Any CPU
	EndGlobalSection
	GlobalSection(ProjectConfigurationPlatforms) = postSolution
		{36F3E531-B05B-403A-9A93-063657AC89FF}.Debug|Any CPU.ActiveCfg = Debug|Any CPU
		{36F3E531-B05B-403A-9A93-063657AC89FF}.Debug|Any CPU.Build.0 = Debug|Any CPU
		{36F3E531-B05B-403A-9A93-063657AC89FF}.Release|Any CPU.ActiveCfg = Release|Any CPU
		{36F3E531-B05B-403A-9A93-063657AC89FF}.Release|Any CPU.Build.0 = Release|Any CPU
	EndGlobalSection
	GlobalSection(SolutionProperties) = preSolution
		HideSolutionNode = FALSE
	EndGlobalSection
EndGlobal
