
Microsoft Visual Studio Solution File, Format Version 11.00
# Visual Studio 2010
Project("{FAE04EC0-301F-11D3-BF4B-00C04F79EFBC}") = "Microsoft.VisualStudio.Services.BlobStore.Server.DedupStorage", "Microsoft.VisualStudio.Services.BlobStore.Server.DedupStorage.csproj", "{36726797-5245-4A44-B253-B5FFD414C23D}"
EndProject
Global
	GlobalSection(SolutionConfigurationPlatforms) = preSolution
		Debug|Any CPU = Debug|Any CPU
		Release|Any CPU = Release|Any CPU
	EndGlobalSection
	GlobalSection(ProjectConfigurationPlatforms) = postSolution
		{36726797-5245-4A44-B253-B5FFD414C23D}.Debug|Any CPU.ActiveCfg = Debug|Any CPU
		{36726797-5245-4A44-B253-B5FFD414C23D}.Debug|Any CPU.Build.0 = Debug|Any CPU
		{36726797-5245-4A44-B253-B5FFD414C23D}.Release|Any CPU.ActiveCfg = Release|Any CPU
		{36726797-5245-4A44-B253-B5FFD414C23D}.Release|Any CPU.Build.0 = Release|Any CPU
	EndGlobalSection
	GlobalSection(SolutionProperties) = preSolution
		HideSolutionNode = FALSE
	EndGlobalSection
EndGlobal
