
Microsoft Visual Studio Solution File, Format Version 11.00
# Visual Studio 2010
Project("{FAE04EC0-301F-11D3-BF4B-00C04F79EFBC}") = "Microsoft.Azure.Pipelines.Deployment.Server", "Microsoft.Azure.Pipelines.Deployment.Server.csproj", "{F8D26877-CDA9-42B4-BE09-BF48B139D066}"
EndProject
Global
	GlobalSection(SolutionConfigurationPlatforms) = preSolution
		Debug|Any CPU = Debug|Any CPU
		Release|Any CPU = Release|Any CPU
	EndGlobalSection
	GlobalSection(ProjectConfigurationPlatforms) = postSolution
		{F8D26877-CDA9-42B4-BE09-BF48B139D066}.Debug|Any CPU.ActiveCfg = Debug|Any CPU
		{F8D26877-CDA9-42B4-BE09-BF48B139D066}.Debug|Any CPU.Build.0 = Debug|Any CPU
		{F8D26877-CDA9-42B4-BE09-BF48B139D066}.Release|Any CPU.ActiveCfg = Release|Any CPU
		{F8D26877-CDA9-42B4-BE09-BF48B139D066}.Release|Any CPU.Build.0 = Release|Any CPU
	EndGlobalSection
	GlobalSection(SolutionProperties) = preSolution
		HideSolutionNode = FALSE
	EndGlobalSection
EndGlobal
