
Microsoft Visual Studio Solution File, Format Version 11.00
# Visual Studio 2010
Project("{FAE04EC0-301F-11D3-BF4B-00C04F79EFBC}") = "Microsoft.VisualStudio.Services.ReleaseManagement2.Data", "Microsoft.VisualStudio.Services.ReleaseManagement2.Data.csproj", "{4D594AE0-450E-40DC-ADF9-2EBE0F0D2641}"
EndProject
Global
	GlobalSection(SolutionConfigurationPlatforms) = preSolution
		Debug|Any CPU = Debug|Any CPU
		Release|Any CPU = Release|Any CPU
	EndGlobalSection
	GlobalSection(ProjectConfigurationPlatforms) = postSolution
		{4D594AE0-450E-40DC-ADF9-2EBE0F0D2641}.Debug|Any CPU.ActiveCfg = Debug|Any CPU
		{4D594AE0-450E-40DC-ADF9-2EBE0F0D2641}.Debug|Any CPU.Build.0 = Debug|Any CPU
		{4D594AE0-450E-40DC-ADF9-2EBE0F0D2641}.Release|Any CPU.ActiveCfg = Release|Any CPU
		{4D594AE0-450E-40DC-ADF9-2EBE0F0D2641}.Release|Any CPU.Build.0 = Release|Any CPU
	EndGlobalSection
	GlobalSection(SolutionProperties) = preSolution
		HideSolutionNode = FALSE
	EndGlobalSection
EndGlobal
