
Microsoft Visual Studio Solution File, Format Version 11.00
# Visual Studio 2010
Project("{FAE04EC0-301F-11D3-BF4B-00C04F79EFBC}") = "Microsoft.Azure.Pipelines.Deployment.Sdk.Server", "Microsoft.Azure.Pipelines.Deployment.Sdk.Server.csproj", "{09A51AA0-28DC-4629-AE3D-FCC781A8CB69}"
EndProject
Global
	GlobalSection(SolutionConfigurationPlatforms) = preSolution
		Debug|Any CPU = Debug|Any CPU
		Release|Any CPU = Release|Any CPU
	EndGlobalSection
	GlobalSection(ProjectConfigurationPlatforms) = postSolution
		{09A51AA0-28DC-4629-AE3D-FCC781A8CB69}.Debug|Any CPU.ActiveCfg = Debug|Any CPU
		{09A51AA0-28DC-4629-AE3D-FCC781A8CB69}.Debug|Any CPU.Build.0 = Debug|Any CPU
		{09A51AA0-28DC-4629-AE3D-FCC781A8CB69}.Release|Any CPU.ActiveCfg = Release|Any CPU
		{09A51AA0-28DC-4629-AE3D-FCC781A8CB69}.Release|Any CPU.Build.0 = Release|Any CPU
	EndGlobalSection
	GlobalSection(SolutionProperties) = preSolution
		HideSolutionNode = FALSE
	EndGlobalSection
EndGlobal
