
Microsoft Visual Studio Solution File, Format Version 11.00
# Visual Studio 2010
Project("{FAE04EC0-301F-11D3-BF4B-00C04F79EFBC}") = "Microsoft.TeamFoundation.SourceControl.WebApi", "Microsoft.TeamFoundation.SourceControl.WebApi.csproj", "{8478C924-1B68-435B-94A7-70D5187F9C24}"
EndProject
Global
	GlobalSection(SolutionConfigurationPlatforms) = preSolution
		Debug|Any CPU = Debug|Any CPU
		Release|Any CPU = Release|Any CPU
	EndGlobalSection
	GlobalSection(ProjectConfigurationPlatforms) = postSolution
		{8478C924-1B68-435B-94A7-70D5187F9C24}.Debug|Any CPU.ActiveCfg = Debug|Any CPU
		{8478C924-1B68-435B-94A7-70D5187F9C24}.Debug|Any CPU.Build.0 = Debug|Any CPU
		{8478C924-1B68-435B-94A7-70D5187F9C24}.Release|Any CPU.ActiveCfg = Release|Any CPU
		{8478C924-1B68-435B-94A7-70D5187F9C24}.Release|Any CPU.Build.0 = Release|Any CPU
	EndGlobalSection
	GlobalSection(SolutionProperties) = preSolution
		HideSolutionNode = FALSE
	EndGlobalSection
EndGlobal
