
Microsoft Visual Studio Solution File, Format Version 11.00
# Visual Studio 2010
Project("{FAE04EC0-301F-11D3-BF4B-00C04F79EFBC}") = "Microsoft.VisualStudio.Services.HttpStreams", "Microsoft.VisualStudio.Services.HttpStreams.csproj", "{5E16CE56-E82A-4273-A268-99957F60F14C}"
EndProject
Global
	GlobalSection(SolutionConfigurationPlatforms) = preSolution
		Debug|Any CPU = Debug|Any CPU
		Release|Any CPU = Release|Any CPU
	EndGlobalSection
	GlobalSection(ProjectConfigurationPlatforms) = postSolution
		{5E16CE56-E82A-4273-A268-99957F60F14C}.Debug|Any CPU.ActiveCfg = Debug|Any CPU
		{5E16CE56-E82A-4273-A268-99957F60F14C}.Debug|Any CPU.Build.0 = Debug|Any CPU
		{5E16CE56-E82A-4273-A268-99957F60F14C}.Release|Any CPU.ActiveCfg = Release|Any CPU
		{5E16CE56-E82A-4273-A268-99957F60F14C}.Release|Any CPU.Build.0 = Release|Any CPU
	EndGlobalSection
	GlobalSection(SolutionProperties) = preSolution
		HideSolutionNode = FALSE
	EndGlobalSection
EndGlobal
