
Microsoft Visual Studio Solution File, Format Version 11.00
# Visual Studio 2010
Project("{FAE04EC0-301F-11D3-BF4B-00C04F79EFBC}") = "Microsoft.VisualStudio.Services.ReleaseManagement2.Server", "Microsoft.VisualStudio.Services.ReleaseManagement2.Server.csproj", "{2F3E3B80-9C45-4EF4-AA25-274209EBE9DD}"
EndProject
Global
	GlobalSection(SolutionConfigurationPlatforms) = preSolution
		Debug|Any CPU = Debug|Any CPU
		Release|Any CPU = Release|Any CPU
	EndGlobalSection
	GlobalSection(ProjectConfigurationPlatforms) = postSolution
		{2F3E3B80-9C45-4EF4-AA25-274209EBE9DD}.Debug|Any CPU.ActiveCfg = Debug|Any CPU
		{2F3E3B80-9C45-4EF4-AA25-274209EBE9DD}.Debug|Any CPU.Build.0 = Debug|Any CPU
		{2F3E3B80-9C45-4EF4-AA25-274209EBE9DD}.Release|Any CPU.ActiveCfg = Release|Any CPU
		{2F3E3B80-9C45-4EF4-AA25-274209EBE9DD}.Release|Any CPU.Build.0 = Release|Any CPU
	EndGlobalSection
	GlobalSection(SolutionProperties) = preSolution
		HideSolutionNode = FALSE
	EndGlobalSection
EndGlobal
