
Microsoft Visual Studio Solution File, Format Version 11.00
# Visual Studio 2010
Project("{FAE04EC0-301F-11D3-BF4B-00C04F79EFBC}") = "Microsoft.TeamFoundation.Wiki.Server", "Microsoft.TeamFoundation.Wiki.Server.csproj", "{00C65702-6D00-451E-8447-4E7320780E47}"
EndProject
Global
	GlobalSection(SolutionConfigurationPlatforms) = preSolution
		Debug|Any CPU = Debug|Any CPU
		Release|Any CPU = Release|Any CPU
	EndGlobalSection
	GlobalSection(ProjectConfigurationPlatforms) = postSolution
		{00C65702-6D00-451E-8447-4E7320780E47}.Debug|Any CPU.ActiveCfg = Debug|Any CPU
		{00C65702-6D00-451E-8447-4E7320780E47}.Debug|Any CPU.Build.0 = Debug|Any CPU
		{00C65702-6D00-451E-8447-4E7320780E47}.Release|Any CPU.ActiveCfg = Release|Any CPU
		{00C65702-6D00-451E-8447-4E7320780E47}.Release|Any CPU.Build.0 = Release|Any CPU
	EndGlobalSection
	GlobalSection(SolutionProperties) = preSolution
		HideSolutionNode = FALSE
	EndGlobalSection
EndGlobal
